
Microsoft Visual Studio Solution File, Format Version 12.00
# Visual Studio Version 17
VisualStudioVersion = 17.11.35327.3
MinimumVisualStudioVersion = 10.0.40219.1
Project("{FAE04EC0-301F-11D3-BF4B-00C04F79EFBC}") = "1001", "1001\1001.csproj", "{40484622-486A-42B7-8417-E59E77304857}"
EndProject
Global
	GlobalSection(SolutionConfigurationPlatforms) = preSolution
		Debug|Any CPU = Debug|Any CPU
		Release|Any CPU = Release|Any CPU
	EndGlobalSection
	GlobalSection(ProjectConfigurationPlatforms) = postSolution
		{40484622-486A-42B7-8417-E59E77304857}.Debug|Any CPU.ActiveCfg = Debug|Any CPU
		{40484622-486A-42B7-8417-E59E77304857}.Debug|Any CPU.Build.0 = Debug|Any CPU
		{40484622-486A-42B7-8417-E59E77304857}.Release|Any CPU.ActiveCfg = Release|Any CPU
		{40484622-486A-42B7-8417-E59E77304857}.Release|Any CPU.Build.0 = Release|Any CPU
	EndGlobalSection
	GlobalSection(SolutionProperties) = preSolution
		HideSolutionNode = FALSE
	EndGlobalSection
	GlobalSection(ExtensibilityGlobals) = postSolution
		SolutionGuid = {DAC8845E-E349-4FF6-A64D-5E3DC854EF48}
	EndGlobalSection
EndGlobal
