
Microsoft Visual Studio Solution File, Format Version 12.00
# Visual Studio Version 17
VisualStudioVersion = 17.11.35327.3
MinimumVisualStudioVersion = 10.0.40219.1
Project("{FAE04EC0-301F-11D3-BF4B-00C04F79EFBC}") = "1036", "1036\1036.csproj", "{AF395F0F-57EF-4A2F-8DD7-CA0887F4E595}"
EndProject
Global
	GlobalSection(SolutionConfigurationPlatforms) = preSolution
		Debug|Any CPU = Debug|Any CPU
		Release|Any CPU = Release|Any CPU
	EndGlobalSection
	GlobalSection(ProjectConfigurationPlatforms) = postSolution
		{AF395F0F-57EF-4A2F-8DD7-CA0887F4E595}.Debug|Any CPU.ActiveCfg = Debug|Any CPU
		{AF395F0F-57EF-4A2F-8DD7-CA0887F4E595}.Debug|Any CPU.Build.0 = Debug|Any CPU
		{AF395F0F-57EF-4A2F-8DD7-CA0887F4E595}.Release|Any CPU.ActiveCfg = Release|Any CPU
		{AF395F0F-57EF-4A2F-8DD7-CA0887F4E595}.Release|Any CPU.Build.0 = Release|Any CPU
	EndGlobalSection
	GlobalSection(SolutionProperties) = preSolution
		HideSolutionNode = FALSE
	EndGlobalSection
	GlobalSection(ExtensibilityGlobals) = postSolution
		SolutionGuid = {2D0E816E-F0AF-490F-BDB7-EAFB5638BA2A}
	EndGlobalSection
EndGlobal
