
Microsoft Visual Studio Solution File, Format Version 12.00
# Visual Studio Version 17
VisualStudioVersion = 17.11.35327.3
MinimumVisualStudioVersion = 10.0.40219.1
Project("{FAE04EC0-301F-11D3-BF4B-00C04F79EFBC}") = "exercise-2", "exercise-2\exercise-2.csproj", "{D467CC37-8A7D-4A98-9724-BACE0FA4C289}"
EndProject
Global
	GlobalSection(SolutionConfigurationPlatforms) = preSolution
		Debug|Any CPU = Debug|Any CPU
		Release|Any CPU = Release|Any CPU
	EndGlobalSection
	GlobalSection(ProjectConfigurationPlatforms) = postSolution
		{D467CC37-8A7D-4A98-9724-BACE0FA4C289}.Debug|Any CPU.ActiveCfg = Debug|Any CPU
		{D467CC37-8A7D-4A98-9724-BACE0FA4C289}.Debug|Any CPU.Build.0 = Debug|Any CPU
		{D467CC37-8A7D-4A98-9724-BACE0FA4C289}.Release|Any CPU.ActiveCfg = Release|Any CPU
		{D467CC37-8A7D-4A98-9724-BACE0FA4C289}.Release|Any CPU.Build.0 = Release|Any CPU
	EndGlobalSection
	GlobalSection(SolutionProperties) = preSolution
		HideSolutionNode = FALSE
	EndGlobalSection
	GlobalSection(ExtensibilityGlobals) = postSolution
		SolutionGuid = {C7FD35DD-3B33-4177-869D-5DCE7CBE24C2}
	EndGlobalSection
EndGlobal
