
Microsoft Visual Studio Solution File, Format Version 12.00
# Visual Studio Version 17
VisualStudioVersion = 17.11.35327.3
MinimumVisualStudioVersion = 10.0.40219.1
Project("{FAE04EC0-301F-11D3-BF4B-00C04F79EFBC}") = "1003", "1003\1003.csproj", "{47901A0B-F219-4639-A3A4-E8757493B3BD}"
EndProject
Global
	GlobalSection(SolutionConfigurationPlatforms) = preSolution
		Debug|Any CPU = Debug|Any CPU
		Release|Any CPU = Release|Any CPU
	EndGlobalSection
	GlobalSection(ProjectConfigurationPlatforms) = postSolution
		{47901A0B-F219-4639-A3A4-E8757493B3BD}.Debug|Any CPU.ActiveCfg = Debug|Any CPU
		{47901A0B-F219-4639-A3A4-E8757493B3BD}.Debug|Any CPU.Build.0 = Debug|Any CPU
		{47901A0B-F219-4639-A3A4-E8757493B3BD}.Release|Any CPU.ActiveCfg = Release|Any CPU
		{47901A0B-F219-4639-A3A4-E8757493B3BD}.Release|Any CPU.Build.0 = Release|Any CPU
	EndGlobalSection
	GlobalSection(SolutionProperties) = preSolution
		HideSolutionNode = FALSE
	EndGlobalSection
	GlobalSection(ExtensibilityGlobals) = postSolution
		SolutionGuid = {CFA362FF-1737-4813-8CF2-B9BAD93E0737}
	EndGlobalSection
EndGlobal
