
Microsoft Visual Studio Solution File, Format Version 12.00
# Visual Studio Version 17
VisualStudioVersion = 17.11.35327.3
MinimumVisualStudioVersion = 10.0.40219.1
Project("{FAE04EC0-301F-11D3-BF4B-00C04F79EFBC}") = "1005", "1005\1005.csproj", "{3E31FC40-8882-43A4-A09B-5BC98A5B6332}"
EndProject
Global
	GlobalSection(SolutionConfigurationPlatforms) = preSolution
		Debug|Any CPU = Debug|Any CPU
		Release|Any CPU = Release|Any CPU
	EndGlobalSection
	GlobalSection(ProjectConfigurationPlatforms) = postSolution
		{3E31FC40-8882-43A4-A09B-5BC98A5B6332}.Debug|Any CPU.ActiveCfg = Debug|Any CPU
		{3E31FC40-8882-43A4-A09B-5BC98A5B6332}.Debug|Any CPU.Build.0 = Debug|Any CPU
		{3E31FC40-8882-43A4-A09B-5BC98A5B6332}.Release|Any CPU.ActiveCfg = Release|Any CPU
		{3E31FC40-8882-43A4-A09B-5BC98A5B6332}.Release|Any CPU.Build.0 = Release|Any CPU
	EndGlobalSection
	GlobalSection(SolutionProperties) = preSolution
		HideSolutionNode = FALSE
	EndGlobalSection
	GlobalSection(ExtensibilityGlobals) = postSolution
		SolutionGuid = {354A245F-3F1D-424C-BDF8-B9E0124CD4E4}
	EndGlobalSection
EndGlobal
